// !$*UTF8*$!
{
	archiveVersion = 1;
	classes = {
	};
	objectVersion = 77;
	objects = {

/* Begin PBXContainerItemProxy section */
		1CB9C81A2CBF605C0038FA4C /* PBXContainerItemProxy */ = {
			isa = PBXContainerItemProxy;
			containerPortal = 1CB9C7FB2CBF60590038FA4C /* Project object */;
			proxyType = 1;
			remoteGlobalIDString = 1CB9C8022CBF60590038FA4C;
			remoteInfo = SwipeVCTransitionTest;
		};
		1CB9C8242CBF605C0038FA4C /* PBXContainerItemProxy */ = {
			isa = PBXContainerItemProxy;
			containerPortal = 1CB9C7FB2CBF60590038FA4C /* Project object */;
			proxyType = 1;
			remoteGlobalIDString = 1CB9C8022CBF60590038FA4C;
			remoteInfo = SwipeVCTransitionTest;
		};
/* End PBXContainerItemProxy section */

/* Begin PBXFileReference section */
		1CB9C8032CBF60590038FA4C /* SwipeVCTransitionTest.app */ = {isa = PBXFileReference; explicitFileType = wrapper.application; includeInIndex = 0; path = SwipeVCTransitionTest.app; sourceTree = BUILT_PRODUCTS_DIR; };
		1CB9C8192CBF605C0038FA4C /* SwipeVCTransitionTestTests.xctest */ = {isa = PBXFileReference; explicitFileType = wrapper.cfbundle; includeInIndex = 0; path = SwipeVCTransitionTestTests.xctest; sourceTree = BUILT_PRODUCTS_DIR; };
		1CB9C8232CBF605C0038FA4C /* SwipeVCTransitionTestUITests.xctest */ = {isa = PBXFileReference; explicitFileType = wrapper.cfbundle; includeInIndex = 0; path = SwipeVCTransitionTestUITests.xctest; sourceTree = BUILT_PRODUCTS_DIR; };
/* End PBXFileReference section */

/* Begin PBXFileSystemSynchronizedBuildFileExceptionSet section */
		1CB9C82B2CBF605C0038FA4C /* Exceptions for "SwipeVCTransitionTest" folder in "SwipeVCTransitionTest" target */ = {
			isa = PBXFileSystemSynchronizedBuildFileExceptionSet;
			membershipExceptions = (
				Info.plist,
			);
			target = 1CB9C8022CBF60590038FA4C /* SwipeVCTransitionTest */;
		};
/* End PBXFileSystemSynchronizedBuildFileExceptionSet section */

/* Begin PBXFileSystemSynchronizedRootGroup section */
		1CB9C8052CBF60590038FA4C /* SwipeVCTransitionTest */ = {
			isa = PBXFileSystemSynchronizedRootGroup;
			exceptions = (
				1CB9C82B2CBF605C0038FA4C /* Exceptions for "SwipeVCTransitionTest" folder in "SwipeVCTransitionTest" target */,
			);
			path = SwipeVCTransitionTest;
			sourceTree = "<group>";
		};
		1CB9C81C2CBF605C0038FA4C /* SwipeVCTransitionTestTests */ = {
			isa = PBXFileSystemSynchronizedRootGroup;
			path = SwipeVCTransitionTestTests;
			sourceTree = "<group>";
		};
		1CB9C8262CBF605C0038FA4C /* SwipeVCTransitionTestUITests */ = {
			isa = PBXFileSystemSynchronizedRootGroup;
			path = SwipeVCTransitionTestUITests;
			sourceTree = "<group>";
		};
/* End PBXFileSystemSynchronizedRootGroup section */

/* Begin PBXFrameworksBuildPhase section */
		1CB9C8002CBF60590038FA4C /* Frameworks */ = {
			isa = PBXFrameworksBuildPhase;
			buildActionMask = 2147483647;
			files = (
			);
			runOnlyForDeploymentPostprocessing = 0;
		};
		1CB9C8162CBF605C0038FA4C /* Frameworks */ = {
			isa = PBXFrameworksBuildPhase;
			buildActionMask = 2147483647;
			files = (
			);
			runOnlyForDeploymentPostprocessing = 0;
		};
		1CB9C8202CBF605C0038FA4C /* Frameworks */ = {
			isa = PBXFrameworksBuildPhase;
			buildActionMask = 2147483647;
			files = (
			);
			runOnlyForDeploymentPostprocessing = 0;
		};
/* End PBXFrameworksBuildPhase section */

/* Begin PBXGroup section */
		1CB9C7FA2CBF60590038FA4C = {
			isa = PBXGroup;
			children = (
				1CB9C8052CBF60590038FA4C /* SwipeVCTransitionTest */,
				1CB9C81C2CBF605C0038FA4C /* SwipeVCTransitionTestTests */,
				1CB9C8262CBF605C0038FA4C /* SwipeVCTransitionTestUITests */,
				1CB9C8042CBF60590038FA4C /* Products */,
			);
			sourceTree = "<group>";
		};
		1CB9C8042CBF60590038FA4C /* Products */ = {
			isa = PBXGroup;
			children = (
				1CB9C8032CBF60590038FA4C /* SwipeVCTransitionTest.app */,
				1CB9C8192CBF605C0038FA4C /* SwipeVCTransitionTestTests.xctest */,
				1CB9C8232CBF605C0038FA4C /* SwipeVCTransitionTestUITests.xctest */,
			);
			name = Products;
			sourceTree = "<group>";
		};
/* End PBXGroup section */

/* Begin PBXNativeTarget section */
		1CB9C8022CBF60590038FA4C /* SwipeVCTransitionTest */ = {
			isa = PBXNativeTarget;
			buildConfigurationList = 1CB9C82C2CBF605C0038FA4C /* Build configuration list for PBXNativeTarget "SwipeVCTransitionTest" */;
			buildPhases = (
				1CB9C7FF2CBF60590038FA4C /* Sources */,
				1CB9C8002CBF60590038FA4C /* Frameworks */,
				1CB9C8012CBF60590038FA4C /* Resources */,
			);
			buildRules = (
			);
			dependencies = (
			);
			fileSystemSynchronizedGroups = (
				1CB9C8052CBF60590038FA4C /* SwipeVCTransitionTest */,
			);
			name = SwipeVCTransitionTest;
			packageProductDependencies = (
			);
			productName = SwipeVCTransitionTest;
			productReference = 1CB9C8032CBF60590038FA4C /* SwipeVCTransitionTest.app */;
			productType = "com.apple.product-type.application";
		};
		1CB9C8182CBF605C0038FA4C /* SwipeVCTransitionTestTests */ = {
			isa = PBXNativeTarget;
			buildConfigurationList = 1CB9C8312CBF605C0038FA4C /* Build configuration list for PBXNativeTarget "SwipeVCTransitionTestTests" */;
			buildPhases = (
				1CB9C8152CBF605C0038FA4C /* Sources */,
				1CB9C8162CBF605C0038FA4C /* Frameworks */,
				1CB9C8172CBF605C0038FA4C /* Resources */,
			);
			buildRules = (
			);
			dependencies = (
				1CB9C81B2CBF605C0038FA4C /* PBXTargetDependency */,
			);
			fileSystemSynchronizedGroups = (
				1CB9C81C2CBF605C0038FA4C /* SwipeVCTransitionTestTests */,
			);
			name = SwipeVCTransitionTestTests;
			packageProductDependencies = (
			);
			productName = SwipeVCTransitionTestTests;
			productReference = 1CB9C8192CBF605C0038FA4C /* SwipeVCTransitionTestTests.xctest */;
			productType = "com.apple.product-type.bundle.unit-test";
		};
		1CB9C8222CBF605C0038FA4C /* SwipeVCTransitionTestUITests */ = {
			isa = PBXNativeTarget;
			buildConfigurationList = 1CB9C8342CBF605C0038FA4C /* Build configuration list for PBXNativeTarget "SwipeVCTransitionTestUITests" */;
			buildPhases = (
				1CB9C81F2CBF605C0038FA4C /* Sources */,
				1CB9C8202CBF605C0038FA4C /* Frameworks */,
				1CB9C8212CBF605C0038FA4C /* Resources */,
			);
			buildRules = (
			);
			dependencies = (
				1CB9C8252CBF605C0038FA4C /* PBXTargetDependency */,
			);
			fileSystemSynchronizedGroups = (
				1CB9C8262CBF605C0038FA4C /* SwipeVCTransitionTestUITests */,
			);
			name = SwipeVCTransitionTestUITests;
			packageProductDependencies = (
			);
			productName = SwipeVCTransitionTestUITests;
			productReference = 1CB9C8232CBF605C0038FA4C /* SwipeVCTransitionTestUITests.xctest */;
			productType = "com.apple.product-type.bundle.ui-testing";
		};
/* End PBXNativeTarget section */

/* Begin PBXProject section */
		1CB9C7FB2CBF60590038FA4C /* Project object */ = {
			isa = PBXProject;
			attributes = {
				BuildIndependentTargetsInParallel = 1;
				LastSwiftUpdateCheck = 1600;
				LastUpgradeCheck = 1600;
				TargetAttributes = {
					1CB9C8022CBF60590038FA4C = {
						CreatedOnToolsVersion = 16.0;
					};
					1CB9C8182CBF605C0038FA4C = {
						CreatedOnToolsVersion = 16.0;
						TestTargetID = 1CB9C8022CBF60590038FA4C;
					};
					1CB9C8222CBF605C0038FA4C = {
						CreatedOnToolsVersion = 16.0;
						TestTargetID = 1CB9C8022CBF60590038FA4C;
					};
				};
			};
			buildConfigurationList = 1CB9C7FE2CBF60590038FA4C /* Build configuration list for PBXProject "SwipeVCTransitionTest" */;
			developmentRegion = en;
			hasScannedForEncodings = 0;
			knownRegions = (
				en,
				Base,
			);
			mainGroup = 1CB9C7FA2CBF60590038FA4C;
			minimizedProjectReferenceProxies = 1;
			preferredProjectObjectVersion = 77;
			productRefGroup = 1CB9C8042CBF60590038FA4C /* Products */;
			projectDirPath = "";
			projectRoot = "";
			targets = (
				1CB9C8022CBF60590038FA4C /* SwipeVCTransitionTest */,
				1CB9C8182CBF605C0038FA4C /* SwipeVCTransitionTestTests */,
				1CB9C8222CBF605C0038FA4C /* SwipeVCTransitionTestUITests */,
			);
		};
/* End PBXProject section */

/* Begin PBXResourcesBuildPhase section */
		1CB9C8012CBF60590038FA4C /* Resources */ = {
			isa = PBXResourcesBuildPhase;
			buildActionMask = 2147483647;
			files = (
			);
			runOnlyForDeploymentPostprocessing = 0;
		};
		1CB9C8172CBF605C0038FA4C /* Resources */ = {
			isa = PBXResourcesBuildPhase;
			buildActionMask = 2147483647;
			files = (
			);
			runOnlyForDeploymentPostprocessing = 0;
		};
		1CB9C8212CBF605C0038FA4C /* Resources */ = {
			isa = PBXResourcesBuildPhase;
			buildActionMask = 2147483647;
			files = (
			);
			runOnlyForDeploymentPostprocessing = 0;
		};
/* End PBXResourcesBuildPhase section */

/* Begin PBXSourcesBuildPhase section */
		1CB9C7FF2CBF60590038FA4C /* Sources */ = {
			isa = PBXSourcesBuildPhase;
			buildActionMask = 2147483647;
			files = (
			);
			runOnlyForDeploymentPostprocessing = 0;
		};
		1CB9C8152CBF605C0038FA4C /* Sources */ = {
			isa = PBXSourcesBuildPhase;
			buildActionMask = 2147483647;
			files = (
			);
			runOnlyForDeploymentPostprocessing = 0;
		};
		1CB9C81F2CBF605C0038FA4C /* Sources */ = {
			isa = PBXSourcesBuildPhase;
			buildActionMask = 2147483647;
			files = (
			);
			runOnlyForDeploymentPostprocessing = 0;
		};
/* End PBXSourcesBuildPhase section */

/* Begin PBXTargetDependency section */
		1CB9C81B2CBF605C0038FA4C /* PBXTargetDependency */ = {
			isa = PBXTargetDependency;
			target = 1CB9C8022CBF60590038FA4C /* SwipeVCTransitionTest */;
			targetProxy = 1CB9C81A2CBF605C0038FA4C /* PBXContainerItemProxy */;
		};
		1CB9C8252CBF605C0038FA4C /* PBXTargetDependency */ = {
			isa = PBXTargetDependency;
			target = 1CB9C8022CBF60590038FA4C /* SwipeVCTransitionTest */;
			targetProxy = 1CB9C8242CBF605C0038FA4C /* PBXContainerItemProxy */;
		};
/* End PBXTargetDependency section */

/* Begin XCBuildConfiguration section */
		1CB9C82D2CBF605C0038FA4C /* Debug */ = {
			isa = XCBuildConfiguration;
			buildSettings = {
				ASSETCATALOG_COMPILER_APPICON_NAME = AppIcon;
				ASSETCATALOG_COMPILER_GLOBAL_ACCENT_COLOR_NAME = AccentColor;
				CODE_SIGN_STYLE = Automatic;
				CURRENT_PROJECT_VERSION = 1;
				DEVELOPMENT_TEAM = ZBGUNCXX6H;
				GENERATE_INFOPLIST_FILE = YES;
				INFOPLIST_FILE = SwipeVCTransitionTest/Info.plist;
				INFOPLIST_KEY_UIApplicationSupportsIndirectInputEvents = YES;
				INFOPLIST_KEY_UILaunchStoryboardName = LaunchScreen;
				INFOPLIST_KEY_UISupportedInterfaceOrientations_iPad = "UIInterfaceOrientationPortrait UIInterfaceOrientationPortraitUpsideDown UIInterfaceOrientationLandscapeLeft UIInterfaceOrientationLandscapeRight";
				INFOPLIST_KEY_UISupportedInterfaceOrientations_iPhone = "UIInterfaceOrientationPortrait UIInterfaceOrientationLandscapeLeft UIInterfaceOrientationLandscapeRight";
				LD_RUNPATH_SEARCH_PATHS = (
					"$(inherited)",
					"@executable_path/Frameworks",
				);
				MARKETING_VERSION = 1.0;
				PRODUCT_BUNDLE_IDENTIFIER = com.comatoki.swipeVCTest.SwipeVCTransitionTest;
				PRODUCT_NAME = "$(TARGET_NAME)";
				"PROVISIONING_PROFILE_SPECIFIER[sdk=*]" = "";
				SWIFT_EMIT_LOC_STRINGS = YES;
				SWIFT_VERSION = 5.0;
				TARGETED_DEVICE_FAMILY = "1,2";
			};
			name = Debug;
		};
		1CB9C82E2CBF605C0038FA4C /* Release */ = {
			isa = XCBuildConfiguration;
			buildSettings = {
				ASSETCATALOG_COMPILER_APPICON_NAME = AppIcon;
				ASSETCATALOG_COMPILER_GLOBAL_ACCENT_COLOR_NAME = AccentColor;
				CODE_SIGN_STYLE = Automatic;
				CURRENT_PROJECT_VERSION = 1;
				DEVELOPMENT_TEAM = ZBGUNCXX6H;
				GENERATE_INFOPLIST_FILE = YES;
				INFOPLIST_FILE = SwipeVCTransitionTest/Info.plist;
				INFOPLIST_KEY_UIApplicationSupportsIndirectInputEvents = YES;
				INFOPLIST_KEY_UILaunchStoryboardName = LaunchScreen;
				INFOPLIST_KEY_UISupportedInterfaceOrientations_iPad = "UIInterfaceOrientationPortrait UIInterfaceOrientationPortraitUpsideDown UIInterfaceOrientationLandscapeLeft UIInterfaceOrientationLandscapeRight";
				INFOPLIST_KEY_UISupportedInterfaceOrientations_iPhone = "UIInterfaceOrientationPortrait UIInterfaceOrientationLandscapeLeft UIInterfaceOrientationLandscapeRight";
				LD_RUNPATH_SEARCH_PATHS = (
					"$(inherited)",
					"@executable_path/Frameworks",
				);
				MARKETING_VERSION = 1.0;
				PRODUCT_BUNDLE_IDENTIFIER = com.comatoki.swipeVCTest.SwipeVCTransitionTest;
				PRODUCT_NAME = "$(TARGET_NAME)";
				"PROVISIONING_PROFILE_SPECIFIER[sdk=*]" = "";
				SWIFT_EMIT_LOC_STRINGS = YES;
				SWIFT_VERSION = 5.0;
				TARGETED_DEVICE_FAMILY = "1,2";
			};
			name = Release;
		};
		1CB9C82F2CBF605C0038FA4C /* Debug */ = {
			isa = XCBuildConfiguration;
			buildSettings = {
				ALWAYS_SEARCH_USER_PATHS = NO;
				ASSETCATALOG_COMPILER_GENERATE_SWIFT_ASSET_SYMBOL_EXTENSIONS = YES;
				CLANG_ANALYZER_NONNULL = YES;
				CLANG_ANALYZER_NUMBER_OBJECT_CONVERSION = YES_AGGRESSIVE;
				CLANG_CXX_LANGUAGE_STANDARD = "gnu++20";
				CLANG_ENABLE_MODULES = YES;
				CLANG_ENABLE_OBJC_ARC = YES;
				CLANG_ENABLE_OBJC_WEAK = YES;
				CLANG_WARN_BLOCK_CAPTURE_AUTORELEASING = YES;
				CLANG_WARN_BOOL_CONVERSION = YES;
				CLANG_WARN_COMMA = YES;
				CLANG_WARN_CONSTANT_CONVERSION = YES;
				CLANG_WARN_DEPRECATED_OBJC_IMPLEMENTATIONS = YES;
				CLANG_WARN_DIRECT_OBJC_ISA_USAGE = YES_ERROR;
				CLANG_WARN_DOCUMENTATION_COMMENTS = YES;
				CLANG_WARN_EMPTY_BODY = YES;
				CLANG_WARN_ENUM_CONVERSION = YES;
				CLANG_WARN_INFINITE_RECURSION = YES;
				CLANG_WARN_INT_CONVERSION = YES;
				CLANG_WARN_NON_LITERAL_NULL_CONVERSION = YES;
				CLANG_WARN_OBJC_IMPLICIT_RETAIN_SELF = YES;
				CLANG_WARN_OBJC_LITERAL_CONVERSION = YES;
				CLANG_WARN_OBJC_ROOT_CLASS = YES_ERROR;
				CLANG_WARN_QUOTED_INCLUDE_IN_FRAMEWORK_HEADER = YES;
				CLANG_WARN_RANGE_LOOP_ANALYSIS = YES;
				CLANG_WARN_STRICT_PROTOTYPES = YES;
				CLANG_WARN_SUSPICIOUS_MOVE = YES;
				CLANG_WARN_UNGUARDED_AVAILABILITY = YES_AGGRESSIVE;
				CLANG_WARN_UNREACHABLE_CODE = YES;
				CLANG_WARN__DUPLICATE_METHOD_MATCH = YES;
				COPY_PHASE_STRIP = NO;
				DEBUG_INFORMATION_FORMAT = dwarf;
				ENABLE_STRICT_OBJC_MSGSEND = YES;
				ENABLE_TESTABILITY = YES;
				ENABLE_USER_SCRIPT_SANDBOXING = YES;
				GCC_C_LANGUAGE_STANDARD = gnu17;
				GCC_DYNAMIC_NO_PIC = NO;
				GCC_NO_COMMON_BLOCKS = YES;
				GCC_OPTIMIZATION_LEVEL = 0;
				GCC_PREPROCESSOR_DEFINITIONS = (
					"DEBUG=1",
					"$(inherited)",
				);
				GCC_WARN_64_TO_32_BIT_CONVERSION = YES;
				GCC_WARN_ABOUT_RETURN_TYPE = YES_ERROR;
				GCC_WARN_UNDECLARED_SELECTOR = YES;
				GCC_WARN_UNINITIALIZED_AUTOS = YES_AGGRESSIVE;
				GCC_WARN_UNUSED_FUNCTION = YES;
				GCC_WARN_UNUSED_VARIABLE = YES;
				IPHONEOS_DEPLOYMENT_TARGET = 18.0;
				LOCALIZATION_PREFERS_STRING_CATALOGS = YES;
				MTL_ENABLE_DEBUG_INFO = INCLUDE_SOURCE;
				MTL_FAST_MATH = YES;
				ONLY_ACTIVE_ARCH = YES;
				SDKROOT = iphoneos;
				SWIFT_ACTIVE_COMPILATION_CONDITIONS = "DEBUG $(inherited)";
				SWIFT_OPTIMIZATION_LEVEL = "-Onone";
			};
			name = Debug;
		};
		1CB9C8302CBF605C0038FA4C /* Release */ = {
			isa = XCBuildConfiguration;
			buildSettings = {
				ALWAYS_SEARCH_USER_PATHS = NO;
				ASSETCATALOG_COMPILER_GENERATE_SWIFT_ASSET_SYMBOL_EXTENSIONS = YES;
				CLANG_ANALYZER_NONNULL = YES;
				CLANG_ANALYZER_NUMBER_OBJECT_CONVERSION = YES_AGGRESSIVE;
				CLANG_CXX_LANGUAGE_STANDARD = "gnu++20";
				CLANG_ENABLE_MODULES = YES;
				CLANG_ENABLE_OBJC_ARC = YES;
				CLANG_ENABLE_OBJC_WEAK = YES;
				CLANG_WARN_BLOCK_CAPTURE_AUTORELEASING = YES;
				CLANG_WARN_BOOL_CONVERSION = YES;
				CLANG_WARN_COMMA = YES;
				CLANG_WARN_CONSTANT_CONVERSION = YES;
				CLANG_WARN_DEPRECATED_OBJC_IMPLEMENTATIONS = YES;
				CLANG_WARN_DIRECT_OBJC_ISA_USAGE = YES_ERROR;
				CLANG_WARN_DOCUMENTATION_COMMENTS = YES;
				CLANG_WARN_EMPTY_BODY = YES;
				CLANG_WARN_ENUM_CONVERSION = YES;
				CLANG_WARN_INFINITE_RECURSION = YES;
				CLANG_WARN_INT_CONVERSION = YES;
				CLANG_WARN_NON_LITERAL_NULL_CONVERSION = YES;
				CLANG_WARN_OBJC_IMPLICIT_RETAIN_SELF = YES;
				CLANG_WARN_OBJC_LITERAL_CONVERSION = YES;
				CLANG_WARN_OBJC_ROOT_CLASS = YES_ERROR;
				CLANG_WARN_QUOTED_INCLUDE_IN_FRAMEWORK_HEADER = YES;
				CLANG_WARN_RANGE_LOOP_ANALYSIS = YES;
				CLANG_WARN_STRICT_PROTOTYPES = YES;
				CLANG_WARN_SUSPICIOUS_MOVE = YES;
				CLANG_WARN_UNGUARDED_AVAILABILITY = YES_AGGRESSIVE;
				CLANG_WARN_UNREACHABLE_CODE = YES;
				CLANG_WARN__DUPLICATE_METHOD_MATCH = YES;
				COPY_PHASE_STRIP = NO;
				DEBUG_INFORMATION_FORMAT = "dwarf-with-dsym";
				ENABLE_NS_ASSERTIONS = NO;
				ENABLE_STRICT_OBJC_MSGSEND = YES;
				ENABLE_USER_SCRIPT_SANDBOXING = YES;
				GCC_C_LANGUAGE_STANDARD = gnu17;
				GCC_NO_COMMON_BLOCKS = YES;
				GCC_WARN_64_TO_32_BIT_CONVERSION = YES;
				GCC_WARN_ABOUT_RETURN_TYPE = YES_ERROR;
				GCC_WARN_UNDECLARED_SELECTOR = YES;
				GCC_WARN_UNINITIALIZED_AUTOS = YES_AGGRESSIVE;
				GCC_WARN_UNUSED_FUNCTION = YES;
				GCC_WARN_UNUSED_VARIABLE = YES;
				IPHONEOS_DEPLOYMENT_TARGET = 18.0;
				LOCALIZATION_PREFERS_STRING_CATALOGS = YES;
				MTL_ENABLE_DEBUG_INFO = NO;
				MTL_FAST_MATH = YES;
				SDKROOT = iphoneos;
				SWIFT_COMPILATION_MODE = wholemodule;
				VALIDATE_PRODUCT = YES;
			};
			name = Release;
		};
		1CB9C8322CBF605C0038FA4C /* Debug */ = {
			isa = XCBuildConfiguration;
			buildSettings = {
				BUNDLE_LOADER = "$(TEST_HOST)";
				CODE_SIGN_STYLE = Automatic;
				CURRENT_PROJECT_VERSION = 1;
				DEVELOPMENT_TEAM = ZBGUNCXX6H;
				GENERATE_INFOPLIST_FILE = YES;
				IPHONEOS_DEPLOYMENT_TARGET = 18.0;
				MARKETING_VERSION = 1.0;
				PRODUCT_BUNDLE_IDENTIFIER = com.comatoki.swipeVCTest.SwipeVCTransitionTestTests;
				PRODUCT_NAME = "$(TARGET_NAME)";
				SWIFT_EMIT_LOC_STRINGS = NO;
				SWIFT_VERSION = 5.0;
				TARGETED_DEVICE_FAMILY = "1,2";
				TEST_HOST = "$(BUILT_PRODUCTS_DIR)/SwipeVCTransitionTest.app/$(BUNDLE_EXECUTABLE_FOLDER_PATH)/SwipeVCTransitionTest";
			};
			name = Debug;
		};
		1CB9C8332CBF605C0038FA4C /* Release */ = {
			isa = XCBuildConfiguration;
			buildSettings = {
				BUNDLE_LOADER = "$(TEST_HOST)";
				CODE_SIGN_STYLE = Automatic;
				CURRENT_PROJECT_VERSION = 1;
				DEVELOPMENT_TEAM = ZBGUNCXX6H;
				GENERATE_INFOPLIST_FILE = YES;
				IPHONEOS_DEPLOYMENT_TARGET = 18.0;
				MARKETING_VERSION = 1.0;
				PRODUCT_BUNDLE_IDENTIFIER = com.comatoki.swipeVCTest.SwipeVCTransitionTestTests;
				PRODUCT_NAME = "$(TARGET_NAME)";
				SWIFT_EMIT_LOC_STRINGS = NO;
				SWIFT_VERSION = 5.0;
				TARGETED_DEVICE_FAMILY = "1,2";
				TEST_HOST = "$(BUILT_PRODUCTS_DIR)/SwipeVCTransitionTest.app/$(BUNDLE_EXECUTABLE_FOLDER_PATH)/SwipeVCTransitionTest";
			};
			name = Release;
		};
		1CB9C8352CBF605C0038FA4C /* Debug */ = {
			isa = XCBuildConfiguration;
			buildSettings = {
				CODE_SIGN_STYLE = Automatic;
				CURRENT_PROJECT_VERSION = 1;
				DEVELOPMENT_TEAM = ZBGUNCXX6H;
				GENERATE_INFOPLIST_FILE = YES;
				MARKETING_VERSION = 1.0;
				PRODUCT_BUNDLE_IDENTIFIER = com.comatoki.swipeVCTest.SwipeVCTransitionTestUITests;
				PRODUCT_NAME = "$(TARGET_NAME)";
				SWIFT_EMIT_LOC_STRINGS = NO;
				SWIFT_VERSION = 5.0;
				TARGETED_DEVICE_FAMILY = "1,2";
				TEST_TARGET_NAME = SwipeVCTransitionTest;
			};
			name = Debug;
		};
		1CB9C8362CBF605C0038FA4C /* Release */ = {
			isa = XCBuildConfiguration;
			buildSettings = {
				CODE_SIGN_STYLE = Automatic;
				CURRENT_PROJECT_VERSION = 1;
				DEVELOPMENT_TEAM = ZBGUNCXX6H;
				GENERATE_INFOPLIST_FILE = YES;
				MARKETING_VERSION = 1.0;
				PRODUCT_BUNDLE_IDENTIFIER = com.comatoki.swipeVCTest.SwipeVCTransitionTestUITests;
				PRODUCT_NAME = "$(TARGET_NAME)";
				SWIFT_EMIT_LOC_STRINGS = NO;
				SWIFT_VERSION = 5.0;
				TARGETED_DEVICE_FAMILY = "1,2";
				TEST_TARGET_NAME = SwipeVCTransitionTest;
			};
			name = Release;
		};
/* End XCBuildConfiguration section */

/* Begin XCConfigurationList section */
		1CB9C7FE2CBF60590038FA4C /* Build configuration list for PBXProject "SwipeVCTransitionTest" */ = {
			isa = XCConfigurationList;
			buildConfigurations = (
				1CB9C82F2CBF605C0038FA4C /* Debug */,
				1CB9C8302CBF605C0038FA4C /* Release */,
			);
			defaultConfigurationIsVisible = 0;
			defaultConfigurationName = Release;
		};
		1CB9C82C2CBF605C0038FA4C /* Build configuration list for PBXNativeTarget "SwipeVCTransitionTest" */ = {
			isa = XCConfigurationList;
			buildConfigurations = (
				1CB9C82D2CBF605C0038FA4C /* Debug */,
				1CB9C82E2CBF605C0038FA4C /* Release */,
			);
			defaultConfigurationIsVisible = 0;
			defaultConfigurationName = Release;
		};
		1CB9C8312CBF605C0038FA4C /* Build configuration list for PBXNativeTarget "SwipeVCTransitionTestTests" */ = {
			isa = XCConfigurationList;
			buildConfigurations = (
				1CB9C8322CBF605C0038FA4C /* Debug */,
				1CB9C8332CBF605C0038FA4C /* Release */,
			);
			defaultConfigurationIsVisible = 0;
			defaultConfigurationName = Release;
		};
		1CB9C8342CBF605C0038FA4C /* Build configuration list for PBXNativeTarget "SwipeVCTransitionTestUITests" */ = {
			isa = XCConfigurationList;
			buildConfigurations = (
				1CB9C8352CBF605C0038FA4C /* Debug */,
				1CB9C8362CBF605C0038FA4C /* Release */,
			);
			defaultConfigurationIsVisible = 0;
			defaultConfigurationName = Release;
		};
/* End XCConfigurationList section */
	};
	rootObject = 1CB9C7FB2CBF60590038FA4C /* Project object */;
}
